
Microsoft Visual Studio Solution File, Format Version 12.00
# Visual Studio Version 17
VisualStudioVersion = 17.2.32616.157
MinimumVisualStudioVersion = 10.0.40219.1
Project("{FAE04EC0-301F-11D3-BF4B-00C04F79EFBC}") = "KOS-MOS", "KOS-MOS\KOS-MOS.csproj", "{D5680477-29B6-49F5-9D20-DDB5DB9CD2DC}"
EndProject
Global
	GlobalSection(SolutionConfigurationPlatforms) = preSolution
		Debug|Any CPU = Debug|Any CPU
		Release|Any CPU = Release|Any CPU
	EndGlobalSection
	GlobalSection(ProjectConfigurationPlatforms) = postSolution
		{D5680477-29B6-49F5-9D20-DDB5DB9CD2DC}.Debug|Any CPU.ActiveCfg = Debug|Any CPU
		{D5680477-29B6-49F5-9D20-DDB5DB9CD2DC}.Debug|Any CPU.Build.0 = Debug|Any CPU
		{D5680477-29B6-49F5-9D20-DDB5DB9CD2DC}.Release|Any CPU.ActiveCfg = Release|Any CPU
		{D5680477-29B6-49F5-9D20-DDB5DB9CD2DC}.Release|Any CPU.Build.0 = Release|Any CPU
	EndGlobalSection
	GlobalSection(SolutionProperties) = preSolution
		HideSolutionNode = FALSE
	EndGlobalSection
	GlobalSection(ExtensibilityGlobals) = postSolution
		SolutionGuid = {3D87A41F-C9BF-48A7-B3F7-5DA6E0F8D931}
	EndGlobalSection
EndGlobal
